
Microsoft Visual Studio Solution File, Format Version 12.00
# Visual Studio Version 17
VisualStudioVersion = 17.4.33213.308
MinimumVisualStudioVersion = 10.0.40219.1
Project("{FAE04EC0-301F-11D3-BF4B-00C04F79EFBC}") = "ProjekAkhir", "ProjekAkhir\ProjekAkhir.csproj", "{A3E76520-2C03-4B36-8E82-0C29876A2F16}"
EndProject
Global
	GlobalSection(SolutionConfigurationPlatforms) = preSolution
		Debug|Any CPU = Debug|Any CPU
		Release|Any CPU = Release|Any CPU
	EndGlobalSection
	GlobalSection(ProjectConfigurationPlatforms) = postSolution
		{A3E76520-2C03-4B36-8E82-0C29876A2F16}.Debug|Any CPU.ActiveCfg = Debug|Any CPU
		{A3E76520-2C03-4B36-8E82-0C29876A2F16}.Debug|Any CPU.Build.0 = Debug|Any CPU
		{A3E76520-2C03-4B36-8E82-0C29876A2F16}.Release|Any CPU.ActiveCfg = Release|Any CPU
		{A3E76520-2C03-4B36-8E82-0C29876A2F16}.Release|Any CPU.Build.0 = Release|Any CPU
	EndGlobalSection
	GlobalSection(SolutionProperties) = preSolution
		HideSolutionNode = FALSE
	EndGlobalSection
	GlobalSection(ExtensibilityGlobals) = postSolution
		SolutionGuid = {9F4D84ED-A589-40BB-8B04-6FB9C245AF11}
	EndGlobalSection
EndGlobal
